
Microsoft Visual Studio Solution File, Format Version 12.00
Project("{FAE04EC0-301F-11D3-BF4B-00C04F79EFBC}") = "QSPNet.Interpreter", "QSPNet.Interpreter\QSPNet.Interpreter.csproj", "{6A3F96C5-3F45-4F19-9589-C941E06436A6}"
EndProject
Global
	GlobalSection(SolutionConfigurationPlatforms) = preSolution
		Debug|Any CPU = Debug|Any CPU
		Release|Any CPU = Release|Any CPU
	EndGlobalSection
	GlobalSection(ProjectConfigurationPlatforms) = postSolution
		{6A3F96C5-3F45-4F19-9589-C941E06436A6}.Debug|Any CPU.ActiveCfg = Debug|Any CPU
		{6A3F96C5-3F45-4F19-9589-C941E06436A6}.Debug|Any CPU.Build.0 = Debug|Any CPU
		{6A3F96C5-3F45-4F19-9589-C941E06436A6}.Release|Any CPU.ActiveCfg = Release|Any CPU
		{6A3F96C5-3F45-4F19-9589-C941E06436A6}.Release|Any CPU.Build.0 = Release|Any CPU
	EndGlobalSection
EndGlobal
